// !$*UTF8*$!
{
	archiveVersion = 1;
	classes = {
	};
	objectVersion = 56;
	objects = {

/* Begin PBXBuildFile section */
		EA2B450E2B6AA96200DFFBCB /* CountdownView.swift in Sources */ = {isa = PBXBuildFile; fileRef = EA2B450D2B6AA96200DFFBCB /* CountdownView.swift */; };
		EA32C1972B67A815000EB176 /* RemindmeApp.swift in Sources */ = {isa = PBXBuildFile; fileRef = EA32C1962B67A815000EB176 /* RemindmeApp.swift */; };
		EA32C1992B67A816000EB176 /* LoadingView.swift in Sources */ = {isa = PBXBuildFile; fileRef = EA32C1982B67A816000EB176 /* LoadingView.swift */; };
		EA32C19B2B67A817000EB176 /* Assets.xcassets in Resources */ = {isa = PBXBuildFile; fileRef = EA32C19A2B67A817000EB176 /* Assets.xcassets */; };
		EA32C19E2B67A817000EB176 /* Preview Assets.xcassets in Resources */ = {isa = PBXBuildFile; fileRef = EA32C19D2B67A817000EB176 /* Preview Assets.xcassets */; };
		EA32C1AB2B67D932000EB176 /* ContentView.swift in Sources */ = {isa = PBXBuildFile; fileRef = EA32C1AA2B67D932000EB176 /* ContentView.swift */; };
		EA32C1AD2B67DE4F000EB176 /* EventModel.swift in Sources */ = {isa = PBXBuildFile; fileRef = EA32C1AC2B67DE4F000EB176 /* EventModel.swift */; };
		EA32C1B12B67FAA1000EB176 /* HomeView.swift in Sources */ = {isa = PBXBuildFile; fileRef = EA32C1B02B67FAA1000EB176 /* HomeView.swift */; };
		EA32C1B32B67FBA5000EB176 /* AddView.swift in Sources */ = {isa = PBXBuildFile; fileRef = EA32C1B22B67FBA5000EB176 /* AddView.swift */; };
		EA4BAF122B7684D000B1AFFC /* lineView.swift in Sources */ = {isa = PBXBuildFile; fileRef = EA4BAF112B7684D000B1AFFC /* lineView.swift */; };
		EAA7C1902B75734A00F20F81 /* EventViewModel.swift in Sources */ = {isa = PBXBuildFile; fileRef = EAA7C18F2B75734A00F20F81 /* EventViewModel.swift */; };
		EAB52D992B7B9F9700DC3CA6 /* Launch Screen.storyboard in Resources */ = {isa = PBXBuildFile; fileRef = EAB52D982B7B9F9700DC3CA6 /* Launch Screen.storyboard */; };
		EAB52D9C2B7BA6A500DC3CA6 /* HomeListRow.swift in Sources */ = {isa = PBXBuildFile; fileRef = EAB52D9B2B7BA6A500DC3CA6 /* HomeListRow.swift */; };
		EAB52D9E2B7BA7D700DC3CA6 /* ButtonView.swift in Sources */ = {isa = PBXBuildFile; fileRef = EAB52D9D2B7BA7D700DC3CA6 /* ButtonView.swift */; };
		EAB52DA12B7BAB6200DC3CA6 /* TimerDisplayView.swift in Sources */ = {isa = PBXBuildFile; fileRef = EAB52DA02B7BAB6200DC3CA6 /* TimerDisplayView.swift */; };
/* End PBXBuildFile section */

/* Begin PBXFileReference section */
		EA2B450D2B6AA96200DFFBCB /* CountdownView.swift */ = {isa = PBXFileReference; lastKnownFileType = sourcecode.swift; path = CountdownView.swift; sourceTree = "<group>"; };
		EA32C1932B67A815000EB176 /* Remindme.app */ = {isa = PBXFileReference; explicitFileType = wrapper.application; includeInIndex = 0; path = Remindme.app; sourceTree = BUILT_PRODUCTS_DIR; };
		EA32C1962B67A815000EB176 /* RemindmeApp.swift */ = {isa = PBXFileReference; lastKnownFileType = sourcecode.swift; path = RemindmeApp.swift; sourceTree = "<group>"; };
		EA32C1982B67A816000EB176 /* LoadingView.swift */ = {isa = PBXFileReference; lastKnownFileType = sourcecode.swift; path = LoadingView.swift; sourceTree = "<group>"; };
		EA32C19A2B67A817000EB176 /* Assets.xcassets */ = {isa = PBXFileReference; lastKnownFileType = folder.assetcatalog; path = Assets.xcassets; sourceTree = "<group>"; };
		EA32C19D2B67A817000EB176 /* Preview Assets.xcassets */ = {isa = PBXFileReference; lastKnownFileType = folder.assetcatalog; path = "Preview Assets.xcassets"; sourceTree = "<group>"; };
		EA32C1AA2B67D932000EB176 /* ContentView.swift */ = {isa = PBXFileReference; lastKnownFileType = sourcecode.swift; path = ContentView.swift; sourceTree = "<group>"; };
		EA32C1AC2B67DE4F000EB176 /* EventModel.swift */ = {isa = PBXFileReference; lastKnownFileType = sourcecode.swift; path = EventModel.swift; sourceTree = "<group>"; };
		EA32C1B02B67FAA1000EB176 /* HomeView.swift */ = {isa = PBXFileReference; lastKnownFileType = sourcecode.swift; path = HomeView.swift; sourceTree = "<group>"; };
		EA32C1B22B67FBA5000EB176 /* AddView.swift */ = {isa = PBXFileReference; lastKnownFileType = sourcecode.swift; path = AddView.swift; sourceTree = "<group>"; };
		EA4BAF112B7684D000B1AFFC /* lineView.swift */ = {isa = PBXFileReference; lastKnownFileType = sourcecode.swift; path = lineView.swift; sourceTree = "<group>"; };
		EAA7C18F2B75734A00F20F81 /* EventViewModel.swift */ = {isa = PBXFileReference; lastKnownFileType = sourcecode.swift; path = EventViewModel.swift; sourceTree = "<group>"; };
		EAB52D982B7B9F9700DC3CA6 /* Launch Screen.storyboard */ = {isa = PBXFileReference; lastKnownFileType = file.storyboard; path = "Launch Screen.storyboard"; sourceTree = "<group>"; };
		EAB52D9B2B7BA6A500DC3CA6 /* HomeListRow.swift */ = {isa = PBXFileReference; lastKnownFileType = sourcecode.swift; path = HomeListRow.swift; sourceTree = "<group>"; };
		EAB52D9D2B7BA7D700DC3CA6 /* ButtonView.swift */ = {isa = PBXFileReference; lastKnownFileType = sourcecode.swift; path = ButtonView.swift; sourceTree = "<group>"; };
		EAB52DA02B7BAB6200DC3CA6 /* TimerDisplayView.swift */ = {isa = PBXFileReference; lastKnownFileType = sourcecode.swift; path = TimerDisplayView.swift; sourceTree = "<group>"; };
/* End PBXFileReference section */

/* Begin PBXFrameworksBuildPhase section */
		EA32C1902B67A815000EB176 /* Frameworks */ = {
			isa = PBXFrameworksBuildPhase;
			buildActionMask = 2147483647;
			files = (
			);
			runOnlyForDeploymentPostprocessing = 0;
		};
/* End PBXFrameworksBuildPhase section */

/* Begin PBXGroup section */
		EA32C18A2B67A815000EB176 = {
			isa = PBXGroup;
			children = (
				EA32C1952B67A815000EB176 /* Remindme */,
				EA32C1942B67A815000EB176 /* Products */,
			);
			sourceTree = "<group>";
		};
		EA32C1942B67A815000EB176 /* Products */ = {
			isa = PBXGroup;
			children = (
				EA32C1932B67A815000EB176 /* Remindme.app */,
			);
			name = Products;
			sourceTree = "<group>";
		};
		EA32C1952B67A815000EB176 /* Remindme */ = {
			isa = PBXGroup;
			children = (
				EA32C1962B67A815000EB176 /* RemindmeApp.swift */,
				EAB6E2AE2B691D1E001A3B0D /* Model */,
				EAB6E2AF2B691D44001A3B0D /* Views */,
				EAA7C18E2B7572AD00F20F81 /* ViewModel */,
				EA32C19A2B67A817000EB176 /* Assets.xcassets */,
				EA32C19C2B67A817000EB176 /* Preview Content */,
			);
			path = Remindme;
			sourceTree = "<group>";
		};
		EA32C19C2B67A817000EB176 /* Preview Content */ = {
			isa = PBXGroup;
			children = (
				EA32C19D2B67A817000EB176 /* Preview Assets.xcassets */,
			);
			path = "Preview Content";
			sourceTree = "<group>";
		};
		EA4BAF0E2B76842500B1AFFC /* Loading Views */ = {
			isa = PBXGroup;
			children = (
				EA32C1982B67A816000EB176 /* LoadingView.swift */,
				EA4BAF112B7684D000B1AFFC /* lineView.swift */,
			);
			path = "Loading Views";
			sourceTree = "<group>";
		};
		EAA7C18E2B7572AD00F20F81 /* ViewModel */ = {
			isa = PBXGroup;
			children = (
				EAA7C18F2B75734A00F20F81 /* EventViewModel.swift */,
			);
			path = ViewModel;
			sourceTree = "<group>";
		};
		EAB52D9A2B7BA65F00DC3CA6 /* Home Views */ = {
			isa = PBXGroup;
			children = (
				EA32C1B02B67FAA1000EB176 /* HomeView.swift */,
				EAB52D9B2B7BA6A500DC3CA6 /* HomeListRow.swift */,
				EAB52D9D2B7BA7D700DC3CA6 /* ButtonView.swift */,
			);
			path = "Home Views";
			sourceTree = "<group>";
		};
		EAB52D9F2B7BAAD400DC3CA6 /* CountDown Views */ = {
			isa = PBXGroup;
			children = (
				EA2B450D2B6AA96200DFFBCB /* CountdownView.swift */,
				EAB52DA02B7BAB6200DC3CA6 /* TimerDisplayView.swift */,
			);
			path = "CountDown Views";
			sourceTree = "<group>";
		};
		EAB6E2AE2B691D1E001A3B0D /* Model */ = {
			isa = PBXGroup;
			children = (
				EA32C1AC2B67DE4F000EB176 /* EventModel.swift */,
			);
			path = Model;
			sourceTree = "<group>";
		};
		EAB6E2AF2B691D44001A3B0D /* Views */ = {
			isa = PBXGroup;
			children = (
				EAB52D9F2B7BAAD400DC3CA6 /* CountDown Views */,
				EAB52D9A2B7BA65F00DC3CA6 /* Home Views */,
				EA4BAF0E2B76842500B1AFFC /* Loading Views */,
				EA32C1AA2B67D932000EB176 /* ContentView.swift */,
				EA32C1B22B67FBA5000EB176 /* AddView.swift */,
				EAB52D982B7B9F9700DC3CA6 /* Launch Screen.storyboard */,
			);
			path = Views;
			sourceTree = "<group>";
		};
/* End PBXGroup section */

/* Begin PBXNativeTarget section */
		EA32C1922B67A815000EB176 /* Remindme */ = {
			isa = PBXNativeTarget;
			buildConfigurationList = EA32C1A12B67A817000EB176 /* Build configuration list for PBXNativeTarget "Remindme" */;
			buildPhases = (
				EA32C18F2B67A815000EB176 /* Sources */,
				EA32C1902B67A815000EB176 /* Frameworks */,
				EA32C1912B67A815000EB176 /* Resources */,
			);
			buildRules = (
			);
			dependencies = (
			);
			name = Remindme;
			productName = Remindme;
			productReference = EA32C1932B67A815000EB176 /* Remindme.app */;
			productType = "com.apple.product-type.application";
		};
/* End PBXNativeTarget section */

/* Begin PBXProject section */
		EA32C18B2B67A815000EB176 /* Project object */ = {
			isa = PBXProject;
			attributes = {
				BuildIndependentTargetsInParallel = 1;
				LastSwiftUpdateCheck = 1420;
				LastUpgradeCheck = 1420;
				TargetAttributes = {
					EA32C1922B67A815000EB176 = {
						CreatedOnToolsVersion = 14.2;
					};
				};
			};
			buildConfigurationList = EA32C18E2B67A815000EB176 /* Build configuration list for PBXProject "Remindme" */;
			compatibilityVersion = "Xcode 14.0";
			developmentRegion = en;
			hasScannedForEncodings = 0;
			knownRegions = (
				en,
				Base,
			);
			mainGroup = EA32C18A2B67A815000EB176;
			productRefGroup = EA32C1942B67A815000EB176 /* Products */;
			projectDirPath = "";
			projectRoot = "";
			targets = (
				EA32C1922B67A815000EB176 /* Remindme */,
			);
		};
/* End PBXProject section */

/* Begin PBXResourcesBuildPhase section */
		EA32C1912B67A815000EB176 /* Resources */ = {
			isa = PBXResourcesBuildPhase;
			buildActionMask = 2147483647;
			files = (
				EAB52D992B7B9F9700DC3CA6 /* Launch Screen.storyboard in Resources */,
				EA32C19E2B67A817000EB176 /* Preview Assets.xcassets in Resources */,
				EA32C19B2B67A817000EB176 /* Assets.xcassets in Resources */,
			);
			runOnlyForDeploymentPostprocessing = 0;
		};
/* End PBXResourcesBuildPhase section */

/* Begin PBXSourcesBuildPhase section */
		EA32C18F2B67A815000EB176 /* Sources */ = {
			isa = PBXSourcesBuildPhase;
			buildActionMask = 2147483647;
			files = (
				EA32C1AD2B67DE4F000EB176 /* EventModel.swift in Sources */,
				EA32C1B12B67FAA1000EB176 /* HomeView.swift in Sources */,
				EA32C1992B67A816000EB176 /* LoadingView.swift in Sources */,
				EA2B450E2B6AA96200DFFBCB /* CountdownView.swift in Sources */,
				EA32C1B32B67FBA5000EB176 /* AddView.swift in Sources */,
				EA32C1AB2B67D932000EB176 /* ContentView.swift in Sources */,
				EAB52DA12B7BAB6200DC3CA6 /* TimerDisplayView.swift in Sources */,
				EAB52D9E2B7BA7D700DC3CA6 /* ButtonView.swift in Sources */,
				EAA7C1902B75734A00F20F81 /* EventViewModel.swift in Sources */,
				EAB52D9C2B7BA6A500DC3CA6 /* HomeListRow.swift in Sources */,
				EA4BAF122B7684D000B1AFFC /* lineView.swift in Sources */,
				EA32C1972B67A815000EB176 /* RemindmeApp.swift in Sources */,
			);
			runOnlyForDeploymentPostprocessing = 0;
		};
/* End PBXSourcesBuildPhase section */

/* Begin XCBuildConfiguration section */
		EA32C19F2B67A817000EB176 /* Debug */ = {
			isa = XCBuildConfiguration;
			buildSettings = {
				ALWAYS_SEARCH_USER_PATHS = NO;
				CLANG_ANALYZER_NONNULL = YES;
				CLANG_ANALYZER_NUMBER_OBJECT_CONVERSION = YES_AGGRESSIVE;
				CLANG_CXX_LANGUAGE_STANDARD = "gnu++20";
				CLANG_ENABLE_MODULES = YES;
				CLANG_ENABLE_OBJC_ARC = YES;
				CLANG_ENABLE_OBJC_WEAK = YES;
				CLANG_WARN_BLOCK_CAPTURE_AUTORELEASING = YES;
				CLANG_WARN_BOOL_CONVERSION = YES;
				CLANG_WARN_COMMA = YES;
				CLANG_WARN_CONSTANT_CONVERSION = YES;
				CLANG_WARN_DEPRECATED_OBJC_IMPLEMENTATIONS = YES;
				CLANG_WARN_DIRECT_OBJC_ISA_USAGE = YES_ERROR;
				CLANG_WARN_DOCUMENTATION_COMMENTS = YES;
				CLANG_WARN_EMPTY_BODY = YES;
				CLANG_WARN_ENUM_CONVERSION = YES;
				CLANG_WARN_INFINITE_RECURSION = YES;
				CLANG_WARN_INT_CONVERSION = YES;
				CLANG_WARN_NON_LITERAL_NULL_CONVERSION = YES;
				CLANG_WARN_OBJC_IMPLICIT_RETAIN_SELF = YES;
				CLANG_WARN_OBJC_LITERAL_CONVERSION = YES;
				CLANG_WARN_OBJC_ROOT_CLASS = YES_ERROR;
				CLANG_WARN_QUOTED_INCLUDE_IN_FRAMEWORK_HEADER = YES;
				CLANG_WARN_RANGE_LOOP_ANALYSIS = YES;
				CLANG_WARN_STRICT_PROTOTYPES = YES;
				CLANG_WARN_SUSPICIOUS_MOVE = YES;
				CLANG_WARN_UNGUARDED_AVAILABILITY = YES_AGGRESSIVE;
				CLANG_WARN_UNREACHABLE_CODE = YES;
				CLANG_WARN__DUPLICATE_METHOD_MATCH = YES;
				COPY_PHASE_STRIP = NO;
				DEBUG_INFORMATION_FORMAT = dwarf;
				ENABLE_STRICT_OBJC_MSGSEND = YES;
				ENABLE_TESTABILITY = YES;
				GCC_C_LANGUAGE_STANDARD = gnu11;
				GCC_DYNAMIC_NO_PIC = NO;
				GCC_NO_COMMON_BLOCKS = YES;
				GCC_OPTIMIZATION_LEVEL = 0;
				GCC_PREPROCESSOR_DEFINITIONS = (
					"DEBUG=1",
					"$(inherited)",
				);
				GCC_WARN_64_TO_32_BIT_CONVERSION = YES;
				GCC_WARN_ABOUT_RETURN_TYPE = YES_ERROR;
				GCC_WARN_UNDECLARED_SELECTOR = YES;
				GCC_WARN_UNINITIALIZED_AUTOS = YES_AGGRESSIVE;
				GCC_WARN_UNUSED_FUNCTION = YES;
				GCC_WARN_UNUSED_VARIABLE = YES;
				IPHONEOS_DEPLOYMENT_TARGET = 16.2;
				MTL_ENABLE_DEBUG_INFO = INCLUDE_SOURCE;
				MTL_FAST_MATH = YES;
				ONLY_ACTIVE_ARCH = YES;
				SDKROOT = iphoneos;
				SWIFT_ACTIVE_COMPILATION_CONDITIONS = DEBUG;
				SWIFT_OPTIMIZATION_LEVEL = "-Onone";
			};
			name = Debug;
		};
		EA32C1A02B67A817000EB176 /* Release */ = {
			isa = XCBuildConfiguration;
			buildSettings = {
				ALWAYS_SEARCH_USER_PATHS = NO;
				CLANG_ANALYZER_NONNULL = YES;
				CLANG_ANALYZER_NUMBER_OBJECT_CONVERSION = YES_AGGRESSIVE;
				CLANG_CXX_LANGUAGE_STANDARD = "gnu++20";
				CLANG_ENABLE_MODULES = YES;
				CLANG_ENABLE_OBJC_ARC = YES;
				CLANG_ENABLE_OBJC_WEAK = YES;
				CLANG_WARN_BLOCK_CAPTURE_AUTORELEASING = YES;
				CLANG_WARN_BOOL_CONVERSION = YES;
				CLANG_WARN_COMMA = YES;
				CLANG_WARN_CONSTANT_CONVERSION = YES;
				CLANG_WARN_DEPRECATED_OBJC_IMPLEMENTATIONS = YES;
				CLANG_WARN_DIRECT_OBJC_ISA_USAGE = YES_ERROR;
				CLANG_WARN_DOCUMENTATION_COMMENTS = YES;
				CLANG_WARN_EMPTY_BODY = YES;
				CLANG_WARN_ENUM_CONVERSION = YES;
				CLANG_WARN_INFINITE_RECURSION = YES;
				CLANG_WARN_INT_CONVERSION = YES;
				CLANG_WARN_NON_LITERAL_NULL_CONVERSION = YES;
				CLANG_WARN_OBJC_IMPLICIT_RETAIN_SELF = YES;
				CLANG_WARN_OBJC_LITERAL_CONVERSION = YES;
				CLANG_WARN_OBJC_ROOT_CLASS = YES_ERROR;
				CLANG_WARN_QUOTED_INCLUDE_IN_FRAMEWORK_HEADER = YES;
				CLANG_WARN_RANGE_LOOP_ANALYSIS = YES;
				CLANG_WARN_STRICT_PROTOTYPES = YES;
				CLANG_WARN_SUSPICIOUS_MOVE = YES;
				CLANG_WARN_UNGUARDED_AVAILABILITY = YES_AGGRESSIVE;
				CLANG_WARN_UNREACHABLE_CODE = YES;
				CLANG_WARN__DUPLICATE_METHOD_MATCH = YES;
				COPY_PHASE_STRIP = NO;
				DEBUG_INFORMATION_FORMAT = "dwarf-with-dsym";
				ENABLE_NS_ASSERTIONS = NO;
				ENABLE_STRICT_OBJC_MSGSEND = YES;
				GCC_C_LANGUAGE_STANDARD = gnu11;
				GCC_NO_COMMON_BLOCKS = YES;
				GCC_WARN_64_TO_32_BIT_CONVERSION = YES;
				GCC_WARN_ABOUT_RETURN_TYPE = YES_ERROR;
				GCC_WARN_UNDECLARED_SELECTOR = YES;
				GCC_WARN_UNINITIALIZED_AUTOS = YES_AGGRESSIVE;
				GCC_WARN_UNUSED_FUNCTION = YES;
				GCC_WARN_UNUSED_VARIABLE = YES;
				IPHONEOS_DEPLOYMENT_TARGET = 16.2;
				MTL_ENABLE_DEBUG_INFO = NO;
				MTL_FAST_MATH = YES;
				SDKROOT = iphoneos;
				SWIFT_COMPILATION_MODE = wholemodule;
				SWIFT_OPTIMIZATION_LEVEL = "-O";
				VALIDATE_PRODUCT = YES;
			};
			name = Release;
		};
		EA32C1A22B67A817000EB176 /* Debug */ = {
			isa = XCBuildConfiguration;
			buildSettings = {
				ASSETCATALOG_COMPILER_APPICON_NAME = AppIcon;
				ASSETCATALOG_COMPILER_GLOBAL_ACCENT_COLOR_NAME = AccentColor;
				CODE_SIGN_STYLE = Automatic;
				CURRENT_PROJECT_VERSION = 1;
				DEVELOPMENT_ASSET_PATHS = "\"Remindme/Preview Content\"";
				DEVELOPMENT_TEAM = Q25PGH827A;
				ENABLE_PREVIEWS = YES;
				GENERATE_INFOPLIST_FILE = YES;
				INFOPLIST_KEY_CFBundleDisplayName = "Remind me";
				INFOPLIST_KEY_LSApplicationCategoryType = "public.app-category.utilities";
				INFOPLIST_KEY_UIApplicationSceneManifest_Generation = YES;
				INFOPLIST_KEY_UIApplicationSupportsIndirectInputEvents = YES;
				INFOPLIST_KEY_UILaunchScreen_Generation = YES;
				INFOPLIST_KEY_UILaunchStoryboardName = "Launch Screen.storyboard";
				INFOPLIST_KEY_UISupportedInterfaceOrientations_iPad = "UIInterfaceOrientationPortrait UIInterfaceOrientationPortraitUpsideDown UIInterfaceOrientationLandscapeLeft UIInterfaceOrientationLandscapeRight";
				INFOPLIST_KEY_UISupportedInterfaceOrientations_iPhone = "UIInterfaceOrientationPortrait UIInterfaceOrientationLandscapeLeft UIInterfaceOrientationLandscapeRight";
				LD_RUNPATH_SEARCH_PATHS = (
					"$(inherited)",
					"@executable_path/Frameworks",
				);
				MARKETING_VERSION = 2.0;
				PRODUCT_BUNDLE_IDENTIFIER = com.macmaurice.Remindme;
				PRODUCT_NAME = "$(TARGET_NAME)";
				SWIFT_EMIT_LOC_STRINGS = YES;
				SWIFT_VERSION = 5.0;
				TARGETED_DEVICE_FAMILY = "1,2";
			};
			name = Debug;
		};
		EA32C1A32B67A817000EB176 /* Release */ = {
			isa = XCBuildConfiguration;
			buildSettings = {
				ASSETCATALOG_COMPILER_APPICON_NAME = AppIcon;
				ASSETCATALOG_COMPILER_GLOBAL_ACCENT_COLOR_NAME = AccentColor;
				CODE_SIGN_STYLE = Automatic;
				CURRENT_PROJECT_VERSION = 1;
				DEVELOPMENT_ASSET_PATHS = "\"Remindme/Preview Content\"";
				DEVELOPMENT_TEAM = Q25PGH827A;
				ENABLE_PREVIEWS = YES;
				GENERATE_INFOPLIST_FILE = YES;
				INFOPLIST_KEY_CFBundleDisplayName = "Remind me";
				INFOPLIST_KEY_LSApplicationCategoryType = "public.app-category.utilities";
				INFOPLIST_KEY_UIApplicationSceneManifest_Generation = YES;
				INFOPLIST_KEY_UIApplicationSupportsIndirectInputEvents = YES;
				INFOPLIST_KEY_UILaunchScreen_Generation = YES;
				INFOPLIST_KEY_UILaunchStoryboardName = "Launch Screen.storyboard";
				INFOPLIST_KEY_UISupportedInterfaceOrientations_iPad = "UIInterfaceOrientationPortrait UIInterfaceOrientationPortraitUpsideDown UIInterfaceOrientationLandscapeLeft UIInterfaceOrientationLandscapeRight";
				INFOPLIST_KEY_UISupportedInterfaceOrientations_iPhone = "UIInterfaceOrientationPortrait UIInterfaceOrientationLandscapeLeft UIInterfaceOrientationLandscapeRight";
				LD_RUNPATH_SEARCH_PATHS = (
					"$(inherited)",
					"@executable_path/Frameworks",
				);
				MARKETING_VERSION = 2.0;
				PRODUCT_BUNDLE_IDENTIFIER = com.macmaurice.Remindme;
				PRODUCT_NAME = "$(TARGET_NAME)";
				SWIFT_EMIT_LOC_STRINGS = YES;
				SWIFT_VERSION = 5.0;
				TARGETED_DEVICE_FAMILY = "1,2";
			};
			name = Release;
		};
/* End XCBuildConfiguration section */

/* Begin XCConfigurationList section */
		EA32C18E2B67A815000EB176 /* Build configuration list for PBXProject "Remindme" */ = {
			isa = XCConfigurationList;
			buildConfigurations = (
				EA32C19F2B67A817000EB176 /* Debug */,
				EA32C1A02B67A817000EB176 /* Release */,
			);
			defaultConfigurationIsVisible = 0;
			defaultConfigurationName = Release;
		};
		EA32C1A12B67A817000EB176 /* Build configuration list for PBXNativeTarget "Remindme" */ = {
			isa = XCConfigurationList;
			buildConfigurations = (
				EA32C1A22B67A817000EB176 /* Debug */,
				EA32C1A32B67A817000EB176 /* Release */,
			);
			defaultConfigurationIsVisible = 0;
			defaultConfigurationName = Release;
		};
/* End XCConfigurationList section */
	};
	rootObject = EA32C18B2B67A815000EB176 /* Project object */;
}
